PODS:
  - EAIntroView (2.9.0):
    - EARestrictedScrollView (~> 1.1.0)
  - EARestrictedScrollView (1.1.0)
  - FTPopOverMenu (2.0.3)
  - GPUImage (0.1.7)
  - iCarousel (1.8.2)
  - SIAlertView (1.3)
  - TNCheckBoxGroup (0.1)

DEPENDENCIES:
  - EAIntroView (~> 2.9)
  - FTPopOverMenu
  - GPUImage (~> 0.1)
  - iCarousel (~> 1.8)
  - SIAlertView (~> 1.3)
  - TNCheckBoxGroup (~> 0.1)

SPEC REPOS:
  https://github.com/cocoapods/specs.git:
    - EAIntroView
    - EARestrictedScrollView
    - FTPopOverMenu
    - GPUImage
    - iCarousel
    - SIAlertView
    - TNCheckBoxGroup

SPEC CHECKSUMS:
  EAIntroView: 76f68cc56242f2e25359419e6ecc2344ee7e1756
  EARestrictedScrollView: b0c2a3f92fb2610bb44d71c5e4893777c89e45ef
  FTPopOverMenu: 8aa89de66e72b53db3e7eeab42243d393237768f
  GPUImage: 733a5f0fab92df9de1c37ba9df520a833ccb406d
  iCarousel: 67c8a43da5a46795b56aadfc96cd36a16f6149b2
  SIAlertView: 20c794b55eaf44d888773ea51647cf8907723919
  TNCheckBoxGroup: a68af5c69d292dcdf963bfab9496ed8e3f73689f

PODFILE CHECKSUM: 3bbd1e4799f6dee14f80dc6fdd7aee98e9571e88

COCOAPODS: 1.6.0
