// !$*UTF8*$!
{
	archiveVersion = 1;
	classes = {
	};
	objectVersion = 46;
	objects = {

/* Begin PBXBuildFile section */
		2607C8D31C9D6A10008B05A9 /* FSQBaseViewController.m in Sources */ = {isa = PBXBuildFile; fileRef = 2607C8D21C9D6A10008B05A9 /* FSQBaseViewController.m */; };
		2607C8D61C9D7CB9008B05A9 /* UIImage+Border.m in Sources */ = {isa = PBXBuildFile; fileRef = 2607C8D51C9D7CB9008B05A9 /* UIImage+Border.m */; };
		2607C8E01C9D9A70008B05A9 /* UIColor+HexString.m in Sources */ = {isa = PBXBuildFile; fileRef = 2607C8DF1C9D9A70008B05A9 /* UIColor+HexString.m */; };
		2607C99A1C9DEAF3008B05A9 /* UIView+Divide.m in Sources */ = {isa = PBXBuildFile; fileRef = 2607C9991C9DEAF3008B05A9 /* UIView+Divide.m */; };
		260E3724198428D300E5985E /* UIImage+Rotate.m in Sources */ = {isa = PBXBuildFile; fileRef = 260E3723198428D300E5985E /* UIImage+Rotate.m */; };
		2622918D19839E200001C116 /* DDIndicator.m in Sources */ = {isa = PBXBuildFile; fileRef = 2622918C19839E200001C116 /* DDIndicator.m */; };
		2635DEEC19E03EB000AB4D19 /* list_icon.ico in Resources */ = {isa = PBXBuildFile; fileRef = 2635DEEB19E03EB000AB4D19 /* list_icon.ico */; };
		2635DEF419E04C4200AB4D19 /* big_settings_icon.ico in Resources */ = {isa = PBXBuildFile; fileRef = 2635DEF319E04C4200AB4D19 /* big_settings_icon.ico */; };
		267E73651CA69AF4002B7DE4 /* JASidePanelController.m in Sources */ = {isa = PBXBuildFile; fileRef = 267E73621CA69AF4002B7DE4 /* JASidePanelController.m */; };
		267E73661CA69AF4002B7DE4 /* UIViewController+JASidePanel.m in Sources */ = {isa = PBXBuildFile; fileRef = 267E73641CA69AF4002B7DE4 /* UIViewController+JASidePanel.m */; };
		267E73681CA6FA82002B7DE4 /* photos_white.png in Resources */ = {isa = PBXBuildFile; fileRef = 267E73671CA6FA82002B7DE4 /* photos_white.png */; };
		267E736C1CA704E3002B7DE4 /* info_white.png in Resources */ = {isa = PBXBuildFile; fileRef = 267E736B1CA704E3002B7DE4 /* info_white.png */; };
		267E73701CA709AD002B7DE4 /* camera_white.png in Resources */ = {isa = PBXBuildFile; fileRef = 267E736F1CA709AD002B7DE4 /* camera_white.png */; };
		267E73761CA7123F002B7DE4 /* save_white.png in Resources */ = {isa = PBXBuildFile; fileRef = 267E73751CA7123F002B7DE4 /* save_white.png */; };
		267E737A1CA71714002B7DE4 /* grid_white.png in Resources */ = {isa = PBXBuildFile; fileRef = 267E73771CA71713002B7DE4 /* grid_white.png */; };
		267E737C1CA71714002B7DE4 /* stripes_white.png in Resources */ = {isa = PBXBuildFile; fileRef = 267E73791CA71714002B7DE4 /* stripes_white.png */; };
		267E737E1CA71CED002B7DE4 /* randomness_gray.png in Resources */ = {isa = PBXBuildFile; fileRef = 267E737D1CA71CED002B7DE4 /* randomness_gray.png */; };
		267E73801CA71CFD002B7DE4 /* reset_white.png in Resources */ = {isa = PBXBuildFile; fileRef = 267E737F1CA71CFD002B7DE4 /* reset_white.png */; };
		267E73821CA71D88002B7DE4 /* randomness_white.png in Resources */ = {isa = PBXBuildFile; fileRef = 267E73811CA71D88002B7DE4 /* randomness_white.png */; };
		267E73851CA722A5002B7DE4 /* camera_gray.png in Resources */ = {isa = PBXBuildFile; fileRef = 267E73831CA722A5002B7DE4 /* camera_gray.png */; };
		267E73861CA722A5002B7DE4 /* reset_gray.png in Resources */ = {isa = PBXBuildFile; fileRef = 267E73841CA722A5002B7DE4 /* reset_gray.png */; };
		267E73881CA722E4002B7DE4 /* grid_gray.png in Resources */ = {isa = PBXBuildFile; fileRef = 267E73871CA722E4002B7DE4 /* grid_gray.png */; };
		267E738A1CA7235B002B7DE4 /* stripes_gray.png in Resources */ = {isa = PBXBuildFile; fileRef = 267E73891CA7235B002B7DE4 /* stripes_gray.png */; };
		268666741AB8DB1600071C38 /* Social.framework in Frameworks */ = {isa = PBXBuildFile; fileRef = 268666731AB8DB1600071C38 /* Social.framework */; };
		268FCE5A1A3487840079E38E /* icon_180.png in Resources */ = {isa = PBXBuildFile; fileRef = 268FCE591A3487840079E38E /* icon_180.png */; };
		268FCE611A3489130079E38E /* icon_29.png in Resources */ = {isa = PBXBuildFile; fileRef = 268FCE5B1A3489130079E38E /* icon_29.png */; };
		268FCE621A3489130079E38E /* icon_40.png in Resources */ = {isa = PBXBuildFile; fileRef = 268FCE5C1A3489130079E38E /* icon_40.png */; };
		268FCE631A3489130079E38E /* icon_76.png in Resources */ = {isa = PBXBuildFile; fileRef = 268FCE5D1A3489130079E38E /* icon_76.png */; };
		268FCE641A3489130079E38E /* icon_87.png in Resources */ = {isa = PBXBuildFile; fileRef = 268FCE5E1A3489130079E38E /* icon_87.png */; };
		268FCE651A3489130079E38E /* icon_152.png in Resources */ = {isa = PBXBuildFile; fileRef = 268FCE5F1A3489130079E38E /* icon_152.png */; };
		26BB4EA7197098630077FF6F /* Foundation.framework in Frameworks */ = {isa = PBXBuildFile; fileRef = 26BB4EA6197098630077FF6F /* Foundation.framework */; };
		26BB4EA9197098630077FF6F /* CoreGraphics.framework in Frameworks */ = {isa = PBXBuildFile; fileRef = 26BB4EA8197098630077FF6F /* CoreGraphics.framework */; };
		26BB4EAB197098630077FF6F /* UIKit.framework in Frameworks */ = {isa = PBXBuildFile; fileRef = 26BB4EAA197098630077FF6F /* UIKit.framework */; };
		26BB4EB1197098630077FF6F /* InfoPlist.strings in Resources */ = {isa = PBXBuildFile; fileRef = 26BB4EAF197098630077FF6F /* InfoPlist.strings */; };
		26BB4EB3197098630077FF6F /* main.m in Sources */ = {isa = PBXBuildFile; fileRef = 26BB4EB2197098630077FF6F /* main.m */; };
		26BB4EB7197098630077FF6F /* FSQAppDelegate.m in Sources */ = {isa = PBXBuildFile; fileRef = 26BB4EB6197098630077FF6F /* FSQAppDelegate.m */; };
		26BB4EB9197098630077FF6F /* Images.xcassets in Resources */ = {isa = PBXBuildFile; fileRef = 26BB4EB8197098630077FF6F /* Images.xcassets */; };
		26BB4EC0197098630077FF6F /* XCTest.framework in Frameworks */ = {isa = PBXBuildFile; fileRef = 26BB4EBF197098630077FF6F /* XCTest.framework */; };
		26BB4EC1197098630077FF6F /* Foundation.framework in Frameworks */ = {isa = PBXBuildFile; fileRef = 26BB4EA6197098630077FF6F /* Foundation.framework */; };
		26BB4EC2197098630077FF6F /* UIKit.framework in Frameworks */ = {isa = PBXBuildFile; fileRef = 26BB4EAA197098630077FF6F /* UIKit.framework */; };
		26BB4ECA197098630077FF6F /* InfoPlist.strings in Resources */ = {isa = PBXBuildFile; fileRef = 26BB4EC8197098630077FF6F /* InfoPlist.strings */; };
		26BB4ECC197098630077FF6F /* FSquaresTests.m in Sources */ = {isa = PBXBuildFile; fileRef = 26BB4ECB197098630077FF6F /* FSquaresTests.m */; };
		26BB4EDD197099E50077FF6F /* FSQFirstViewController.m in Sources */ = {isa = PBXBuildFile; fileRef = 26BB4EDB197099E50077FF6F /* FSQFirstViewController.m */; };
		26BB4EDE197099E50077FF6F /* FSQFirstViewController.xib in Resources */ = {isa = PBXBuildFile; fileRef = 26BB4EDC197099E50077FF6F /* FSQFirstViewController.xib */; };
		26BB4EE61970A2960077FF6F /* UIImage+Resize.m in Sources */ = {isa = PBXBuildFile; fileRef = 26BB4EE51970A2960077FF6F /* UIImage+Resize.m */; };
		26BB4EF21971BDF60077FF6F /* FSQOptionsViewController.m in Sources */ = {isa = PBXBuildFile; fileRef = 26BB4EF01971BDF60077FF6F /* FSQOptionsViewController.m */; };
		26BB4EF31971BDF60077FF6F /* FSQOptionsViewController.xib in Resources */ = {isa = PBXBuildFile; fileRef = 26BB4EF11971BDF60077FF6F /* FSQOptionsViewController.xib */; };
		26BB4EFC1972894A0077FF6F /* FilterNamesUser.plist in Resources */ = {isa = PBXBuildFile; fileRef = 26BB4EFB1972894A0077FF6F /* FilterNamesUser.plist */; };
		26BB4EFE19728A070077FF6F /* FilterNamesCoreImage.plist in Resources */ = {isa = PBXBuildFile; fileRef = 26BB4EFD19728A070077FF6F /* FilterNamesCoreImage.plist */; };
		26BB4F171972F3AF0077FF6F /* CoreMedia.framework in Frameworks */ = {isa = PBXBuildFile; fileRef = 26BB4F161972F3AF0077FF6F /* CoreMedia.framework */; };
		26BB4F191972F3B80077FF6F /* CoreVideo.framework in Frameworks */ = {isa = PBXBuildFile; fileRef = 26BB4F181972F3B80077FF6F /* CoreVideo.framework */; };
		26BB4F1B1972F3C80077FF6F /* OpenGLES.framework in Frameworks */ = {isa = PBXBuildFile; fileRef = 26BB4F1A1972F3C80077FF6F /* OpenGLES.framework */; };
		26BB4F1D1972F3D30077FF6F /* AVFoundation.framework in Frameworks */ = {isa = PBXBuildFile; fileRef = 26BB4F1C1972F3D30077FF6F /* AVFoundation.framework */; };
		26BB4F1F1972F3DE0077FF6F /* QuartzCore.framework in Frameworks */ = {isa = PBXBuildFile; fileRef = 26BB4F1E1972F3DE0077FF6F /* QuartzCore.framework */; };
		26BB4F27197302B00077FF6F /* NSString+ContainsString.m in Sources */ = {isa = PBXBuildFile; fileRef = 26BB4F26197302B00077FF6F /* NSString+ContainsString.m */; };
		26BB4F2A197473CF0077FF6F /* FSQModelController.m in Sources */ = {isa = PBXBuildFile; fileRef = 26BB4F29197473CF0077FF6F /* FSQModelController.m */; };
		26BB4F64197AB86E0077FF6F /* CarouselViewController.m in Sources */ = {isa = PBXBuildFile; fileRef = 26BB4F62197AB86E0077FF6F /* CarouselViewController.m */; };
		26BB4F65197AB86E0077FF6F /* CarouselViewController.xib in Resources */ = {isa = PBXBuildFile; fileRef = 26BB4F63197AB86E0077FF6F /* CarouselViewController.xib */; };
		26BB4F91197DBC520077FF6F /* FAKFontAwesome.m in Sources */ = {isa = PBXBuildFile; fileRef = 26BB4F83197DBC520077FF6F /* FAKFontAwesome.m */; };
		26BB4F92197DBC520077FF6F /* FAKFoundationIcons.m in Sources */ = {isa = PBXBuildFile; fileRef = 26BB4F85197DBC520077FF6F /* FAKFoundationIcons.m */; };
		26BB4F93197DBC520077FF6F /* FAKIcon.m in Sources */ = {isa = PBXBuildFile; fileRef = 26BB4F87197DBC520077FF6F /* FAKIcon.m */; };
		26BB4F94197DBC520077FF6F /* FAKIonIcons.m in Sources */ = {isa = PBXBuildFile; fileRef = 26BB4F89197DBC520077FF6F /* FAKIonIcons.m */; };
		26BB4F95197DBC520077FF6F /* FAKZocial.m in Sources */ = {isa = PBXBuildFile; fileRef = 26BB4F8B197DBC520077FF6F /* FAKZocial.m */; };
		26BB4F96197DBC520077FF6F /* FontAwesome.otf in Resources */ = {isa = PBXBuildFile; fileRef = 26BB4F8C197DBC520077FF6F /* FontAwesome.otf */; };
		26BB4F97197DBC520077FF6F /* foundation-icons.ttf in Resources */ = {isa = PBXBuildFile; fileRef = 26BB4F8E197DBC520077FF6F /* foundation-icons.ttf */; };
		26BB4F98197DBC520077FF6F /* ionicons.ttf in Resources */ = {isa = PBXBuildFile; fileRef = 26BB4F8F197DBC520077FF6F /* ionicons.ttf */; };
		26BB4F99197DBC520077FF6F /* zocial-regular-webfont.ttf in Resources */ = {isa = PBXBuildFile; fileRef = 26BB4F90197DBC520077FF6F /* zocial-regular-webfont.ttf */; };
		26BB4F9B197DBC670077FF6F /* CoreText.framework in Frameworks */ = {isa = PBXBuildFile; fileRef = 26BB4F9A197DBC670077FF6F /* CoreText.framework */; };
		26BFA6D119E1C0B500B9EFDC /* little_settings_icon.ico in Resources */ = {isa = PBXBuildFile; fileRef = 26BFA6D019E1C0B500B9EFDC /* little_settings_icon.ico */; };
		26E5A90819CEFA12006C4014 /* icon_58.png in Resources */ = {isa = PBXBuildFile; fileRef = 26E5A90519CEFA12006C4014 /* icon_58.png */; };
		26E5A90919CEFA12006C4014 /* icon_80.png in Resources */ = {isa = PBXBuildFile; fileRef = 26E5A90619CEFA12006C4014 /* icon_80.png */; };
		26E5A90A19CEFA12006C4014 /* icon_120.png in Resources */ = {isa = PBXBuildFile; fileRef = 26E5A90719CEFA12006C4014 /* icon_120.png */; };
		26E5A90C19CEFA2B006C4014 /* artwork-source.png in Resources */ = {isa = PBXBuildFile; fileRef = 26E5A90B19CEFA2B006C4014 /* artwork-source.png */; };
		26FA904D19A68013001B1B79 /* Default-568h@2x.png in Resources */ = {isa = PBXBuildFile; fileRef = 26FA904C19A68013001B1B79 /* Default-568h@2x.png */; };
		26FA904F19A68018001B1B79 /* Default@2x.png in Resources */ = {isa = PBXBuildFile; fileRef = 26FA904E19A68018001B1B79 /* Default@2x.png */; };
		4EC701B052D02EEE72FD5780 /* libPods-Squareness.a in Frameworks */ = {isa = PBXBuildFile; fileRef = 5097298FB0C6DD0FF37DA6FF /* libPods-Squareness.a */; };
		C6AEEDD0848A7E10C5531465 /* libPods-SquarenessTests.a in Frameworks */ = {isa = PBXBuildFile; fileRef = 1F83F22E7F16AC31D1588EA5 /* libPods-SquarenessTests.a */; };
/* End PBXBuildFile section */

/* Begin PBXContainerItemProxy section */
		26BB4EC3197098630077FF6F /* PBXContainerItemProxy */ = {
			isa = PBXContainerItemProxy;
			containerPortal = 26BB4E9B197098630077FF6F /* Project object */;
			proxyType = 1;
			remoteGlobalIDString = 26BB4EA2197098630077FF6F;
			remoteInfo = FSquares;
		};
/* End PBXContainerItemProxy section */

/* Begin PBXFileReference section */
		1F83F22E7F16AC31D1588EA5 /* libPods-SquarenessTests.a */ = {isa = PBXFileReference; explicitFileType = archive.ar; includeInIndex = 0; path = "libPods-SquarenessTests.a"; sourceTree = BUILT_PRODUCTS_DIR; };
		2607C8D11C9D6A10008B05A9 /* FSQBaseViewController.h */ = {isa = PBXFileReference; fileEncoding = 4; lastKnownFileType = sourcecode.c.h; path = FSQBaseViewController.h; sourceTree = "<group>"; };
		2607C8D21C9D6A10008B05A9 /* FSQBaseViewController.m */ = {isa = PBXFileReference; fileEncoding = 4; lastKnownFileType = sourcecode.c.objc; path = FSQBaseViewController.m; sourceTree = "<group>"; };
		2607C8D41C9D7CB9008B05A9 /* UIImage+Border.h */ = {isa = PBXFileReference; fileEncoding = 4; lastKnownFileType = sourcecode.c.h; path = "UIImage+Border.h"; sourceTree = "<group>"; };
		2607C8D51C9D7CB9008B05A9 /* UIImage+Border.m */ = {isa = PBXFileReference; fileEncoding = 4; lastKnownFileType = sourcecode.c.objc; path = "UIImage+Border.m"; sourceTree = "<group>"; };
		2607C8DE1C9D9A70008B05A9 /* UIColor+HexString.h */ = {isa = PBXFileReference; fileEncoding = 4; lastKnownFileType = sourcecode.c.h; path = "UIColor+HexString.h"; sourceTree = "<group>"; };
		2607C8DF1C9D9A70008B05A9 /* UIColor+HexString.m */ = {isa = PBXFileReference; fileEncoding = 4; lastKnownFileType = sourcecode.c.objc; path = "UIColor+HexString.m"; sourceTree = "<group>"; };
		2607C9981C9DEAF3008B05A9 /* UIView+Divide.h */ = {isa = PBXFileReference; fileEncoding = 4; lastKnownFileType = sourcecode.c.h; path = "UIView+Divide.h"; sourceTree = "<group>"; };
		2607C9991C9DEAF3008B05A9 /* UIView+Divide.m */ = {isa = PBXFileReference; fileEncoding = 4; lastKnownFileType = sourcecode.c.objc; path = "UIView+Divide.m"; sourceTree = "<group>"; };
		260E3722198428D300E5985E /* UIImage+Rotate.h */ = {isa = PBXFileReference; fileEncoding = 4; lastKnownFileType = sourcecode.c.h; lineEnding = 0; path = "UIImage+Rotate.h"; sourceTree = "<group>"; xcLanguageSpecificationIdentifier = xcode.lang.objcpp; };
		260E3723198428D300E5985E /* UIImage+Rotate.m */ = {isa = PBXFileReference; fileEncoding = 4; lastKnownFileType = sourcecode.c.objc; lineEnding = 0; path = "UIImage+Rotate.m"; sourceTree = "<group>"; xcLanguageSpecificationIdentifier = xcode.lang.objc; };
		2622918B19839E200001C116 /* DDIndicator.h */ = {isa = PBXFileReference; fileEncoding = 4; lastKnownFileType = sourcecode.c.h; path = DDIndicator.h; sourceTree = "<group>"; };
		2622918C19839E200001C116 /* DDIndicator.m */ = {isa = PBXFileReference; fileEncoding = 4; lastKnownFileType = sourcecode.c.objc; path = DDIndicator.m; sourceTree = "<group>"; };
		2635DEEB19E03EB000AB4D19 /* list_icon.ico */ = {isa = PBXFileReference; lastKnownFileType = image.ico; path = list_icon.ico; sourceTree = "<group>"; };
		2635DEF319E04C4200AB4D19 /* big_settings_icon.ico */ = {isa = PBXFileReference; lastKnownFileType = image.ico; path = big_settings_icon.ico; sourceTree = "<group>"; };
		267E73611CA69AF4002B7DE4 /* JASidePanelController.h */ = {isa = PBXFileReference; fileEncoding = 4; lastKnownFileType = sourcecode.c.h; path = JASidePanelController.h; sourceTree = "<group>"; };
		267E73621CA69AF4002B7DE4 /* JASidePanelController.m */ = {isa = PBXFileReference; fileEncoding = 4; lastKnownFileType = sourcecode.c.objc; path = JASidePanelController.m; sourceTree = "<group>"; };
		267E73631CA69AF4002B7DE4 /* UIViewController+JASidePanel.h */ = {isa = PBXFileReference; fileEncoding = 4; lastKnownFileType = sourcecode.c.h; path = "UIViewController+JASidePanel.h"; sourceTree = "<group>"; };
		267E73641CA69AF4002B7DE4 /* UIViewController+JASidePanel.m */ = {isa = PBXFileReference; fileEncoding = 4; lastKnownFileType = sourcecode.c.objc; path = "UIViewController+JASidePanel.m"; sourceTree = "<group>"; };
		267E73671CA6FA82002B7DE4 /* photos_white.png */ = {isa = PBXFileReference; lastKnownFileType = image.png; path = photos_white.png; sourceTree = "<group>"; };
		267E736B1CA704E3002B7DE4 /* info_white.png */ = {isa = PBXFileReference; lastKnownFileType = image.png; path = info_white.png; sourceTree = "<group>"; };
		267E736F1CA709AD002B7DE4 /* camera_white.png */ = {isa = PBXFileReference; lastKnownFileType = image.png; path = camera_white.png; sourceTree = "<group>"; };
		267E73751CA7123F002B7DE4 /* save_white.png */ = {isa = PBXFileReference; lastKnownFileType = image.png; path = save_white.png; sourceTree = "<group>"; };
		267E73771CA71713002B7DE4 /* grid_white.png */ = {isa = PBXFileReference; lastKnownFileType = image.png; path = grid_white.png; sourceTree = "<group>"; };
		267E73791CA71714002B7DE4 /* stripes_white.png */ = {isa = PBXFileReference; lastKnownFileType = image.png; path = stripes_white.png; sourceTree = "<group>"; };
		267E737D1CA71CED002B7DE4 /* randomness_gray.png */ = {isa = PBXFileReference; lastKnownFileType = image.png; path = randomness_gray.png; sourceTree = "<group>"; };
		267E737F1CA71CFD002B7DE4 /* reset_white.png */ = {isa = PBXFileReference; lastKnownFileType = image.png; path = reset_white.png; sourceTree = "<group>"; };
		267E73811CA71D88002B7DE4 /* randomness_white.png */ = {isa = PBXFileReference; lastKnownFileType = image.png; path = randomness_white.png; sourceTree = "<group>"; };
		267E73831CA722A5002B7DE4 /* camera_gray.png */ = {isa = PBXFileReference; lastKnownFileType = image.png; path = camera_gray.png; sourceTree = "<group>"; };
		267E73841CA722A5002B7DE4 /* reset_gray.png */ = {isa = PBXFileReference; lastKnownFileType = image.png; path = reset_gray.png; sourceTree = "<group>"; };
		267E73871CA722E4002B7DE4 /* grid_gray.png */ = {isa = PBXFileReference; lastKnownFileType = image.png; path = grid_gray.png; sourceTree = "<group>"; };
		267E73891CA7235B002B7DE4 /* stripes_gray.png */ = {isa = PBXFileReference; lastKnownFileType = image.png; path = stripes_gray.png; sourceTree = "<group>"; };
		268666731AB8DB1600071C38 /* Social.framework */ = {isa = PBXFileReference; lastKnownFileType = wrapper.framework; name = Social.framework; path = System/Library/Frameworks/Social.framework; sourceTree = SDKROOT; };
		268666751AB8DB2500071C38 /* Accounts.framework */ = {isa = PBXFileReference; lastKnownFileType = wrapper.framework; name = Accounts.framework; path = System/Library/Frameworks/Accounts.framework; sourceTree = SDKROOT; };
		268FCE591A3487840079E38E /* icon_180.png */ = {isa = PBXFileReference; lastKnownFileType = image.png; path = icon_180.png; sourceTree = "<group>"; };
		268FCE5B1A3489130079E38E /* icon_29.png */ = {isa = PBXFileReference; lastKnownFileType = image.png; path = icon_29.png; sourceTree = "<group>"; };
		268FCE5C1A3489130079E38E /* icon_40.png */ = {isa = PBXFileReference; lastKnownFileType = image.png; path = icon_40.png; sourceTree = "<group>"; };
		268FCE5D1A3489130079E38E /* icon_76.png */ = {isa = PBXFileReference; lastKnownFileType = image.png; path = icon_76.png; sourceTree = "<group>"; };
		268FCE5E1A3489130079E38E /* icon_87.png */ = {isa = PBXFileReference; lastKnownFileType = image.png; path = icon_87.png; sourceTree = "<group>"; };
		268FCE5F1A3489130079E38E /* icon_152.png */ = {isa = PBXFileReference; lastKnownFileType = image.png; path = icon_152.png; sourceTree = "<group>"; };
		26BB4EA3197098630077FF6F /* Squareness.app */ = {isa = PBXFileReference; explicitFileType = wrapper.application; includeInIndex = 0; path = Squareness.app; sourceTree = BUILT_PRODUCTS_DIR; };
		26BB4EA6197098630077FF6F /* Foundation.framework */ = {isa = PBXFileReference; lastKnownFileType = wrapper.framework; name = Foundation.framework; path = System/Library/Frameworks/Foundation.framework; sourceTree = SDKROOT; };
		26BB4EA8197098630077FF6F /* CoreGraphics.framework */ = {isa = PBXFileReference; lastKnownFileType = wrapper.framework; name = CoreGraphics.framework; path = System/Library/Frameworks/CoreGraphics.framework; sourceTree = SDKROOT; };
		26BB4EAA197098630077FF6F /* UIKit.framework */ = {isa = PBXFileReference; lastKnownFileType = wrapper.framework; name = UIKit.framework; path = System/Library/Frameworks/UIKit.framework; sourceTree = SDKROOT; };
		26BB4EAE197098630077FF6F /* Squareness-Info.plist */ = {isa = PBXFileReference; lastKnownFileType = text.plist.xml; path = "Squareness-Info.plist"; sourceTree = "<group>"; };
		26BB4EB0197098630077FF6F /* en */ = {isa = PBXFileReference; lastKnownFileType = text.plist.strings; name = en; path = en.lproj/InfoPlist.strings; sourceTree = "<group>"; };
		26BB4EB2197098630077FF6F /* main.m */ = {isa = PBXFileReference; lastKnownFileType = sourcecode.c.objc; lineEnding = 0; path = main.m; sourceTree = "<group>"; xcLanguageSpecificationIdentifier = xcode.lang.objc; };
		26BB4EB4197098630077FF6F /* Squareness-Prefix.pch */ = {isa = PBXFileReference; lastKnownFileType = sourcecode.c.h; path = "Squareness-Prefix.pch"; sourceTree = "<group>"; };
		26BB4EB5197098630077FF6F /* FSQAppDelegate.h */ = {isa = PBXFileReference; lastKnownFileType = sourcecode.c.h; lineEnding = 0; path = FSQAppDelegate.h; sourceTree = "<group>"; xcLanguageSpecificationIdentifier = xcode.lang.objcpp; };
		26BB4EB6197098630077FF6F /* FSQAppDelegate.m */ = {isa = PBXFileReference; lastKnownFileType = sourcecode.c.objc; lineEnding = 0; path = FSQAppDelegate.m; sourceTree = "<group>"; xcLanguageSpecificationIdentifier = xcode.lang.objc; };
		26BB4EB8197098630077FF6F /* Images.xcassets */ = {isa = PBXFileReference; lastKnownFileType = folder.assetcatalog; path = Images.xcassets; sourceTree = "<group>"; };
		26BB4EBE197098630077FF6F /* SquarenessTests.xctest */ = {isa = PBXFileReference; explicitFileType = wrapper.cfbundle; includeInIndex = 0; path = SquarenessTests.xctest; sourceTree = BUILT_PRODUCTS_DIR; };
		26BB4EBF197098630077FF6F /* XCTest.framework */ = {isa = PBXFileReference; lastKnownFileType = wrapper.framework; name = XCTest.framework; path = Library/Frameworks/XCTest.framework; sourceTree = DEVELOPER_DIR; };
		26BB4EC7197098630077FF6F /* SquarenessTests-Info.plist */ = {isa = PBXFileReference; lastKnownFileType = text.plist.xml; path = "SquarenessTests-Info.plist"; sourceTree = "<group>"; };
		26BB4EC9197098630077FF6F /* en */ = {isa = PBXFileReference; lastKnownFileType = text.plist.strings; name = en; path = en.lproj/InfoPlist.strings; sourceTree = "<group>"; };
		26BB4ECB197098630077FF6F /* FSquaresTests.m */ = {isa = PBXFileReference; lastKnownFileType = sourcecode.c.objc; lineEnding = 0; path = FSquaresTests.m; sourceTree = "<group>"; xcLanguageSpecificationIdentifier = xcode.lang.objc; };
		26BB4EDA197099E50077FF6F /* FSQFirstViewController.h */ = {isa = PBXFileReference; fileEncoding = 4; lastKnownFileType = sourcecode.c.h; lineEnding = 0; path = FSQFirstViewController.h; sourceTree = "<group>"; xcLanguageSpecificationIdentifier = xcode.lang.objcpp; };
		26BB4EDB197099E50077FF6F /* FSQFirstViewController.m */ = {isa = PBXFileReference; fileEncoding = 4; lastKnownFileType = sourcecode.c.objc; lineEnding = 0; path = FSQFirstViewController.m; sourceTree = "<group>"; xcLanguageSpecificationIdentifier = xcode.lang.objc; };
		26BB4EDC197099E50077FF6F /* FSQFirstViewController.xib */ = {isa = PBXFileReference; fileEncoding = 4; lastKnownFileType = file.xib; path = FSQFirstViewController.xib; sourceTree = "<group>"; };
		26BB4EE41970A2960077FF6F /* UIImage+Resize.h */ = {isa = PBXFileReference; fileEncoding = 4; lastKnownFileType = sourcecode.c.h; path = "UIImage+Resize.h"; sourceTree = "<group>"; };
		26BB4EE51970A2960077FF6F /* UIImage+Resize.m */ = {isa = PBXFileReference; fileEncoding = 4; lastKnownFileType = sourcecode.c.objc; path = "UIImage+Resize.m"; sourceTree = "<group>"; };
		26BB4EEF1971BDF60077FF6F /* FSQOptionsViewController.h */ = {isa = PBXFileReference; fileEncoding = 4; lastKnownFileType = sourcecode.c.h; lineEnding = 0; path = FSQOptionsViewController.h; sourceTree = "<group>"; xcLanguageSpecificationIdentifier = xcode.lang.objcpp; };
		26BB4EF01971BDF60077FF6F /* FSQOptionsViewController.m */ = {isa = PBXFileReference; fileEncoding = 4; lastKnownFileType = sourcecode.c.objc; lineEnding = 0; path = FSQOptionsViewController.m; sourceTree = "<group>"; xcLanguageSpecificationIdentifier = xcode.lang.objc; };
		26BB4EF11971BDF60077FF6F /* FSQOptionsViewController.xib */ = {isa = PBXFileReference; fileEncoding = 4; lastKnownFileType = file.xib; path = FSQOptionsViewController.xib; sourceTree = "<group>"; };
		26BB4EFB1972894A0077FF6F /* FilterNamesUser.plist */ = {isa = PBXFileReference; fileEncoding = 4; lastKnownFileType = text.plist.xml; path = FilterNamesUser.plist; sourceTree = "<group>"; };
		26BB4EFD19728A070077FF6F /* FilterNamesCoreImage.plist */ = {isa = PBXFileReference; fileEncoding = 4; lastKnownFileType = text.plist.xml; path = FilterNamesCoreImage.plist; sourceTree = "<group>"; };
		26BB4F161972F3AF0077FF6F /* CoreMedia.framework */ = {isa = PBXFileReference; lastKnownFileType = wrapper.framework; name = CoreMedia.framework; path = System/Library/Frameworks/CoreMedia.framework; sourceTree = SDKROOT; };
		26BB4F181972F3B80077FF6F /* CoreVideo.framework */ = {isa = PBXFileReference; lastKnownFileType = wrapper.framework; name = CoreVideo.framework; path = System/Library/Frameworks/CoreVideo.framework; sourceTree = SDKROOT; };
		26BB4F1A1972F3C80077FF6F /* OpenGLES.framework */ = {isa = PBXFileReference; lastKnownFileType = wrapper.framework; name = OpenGLES.framework; path = System/Library/Frameworks/OpenGLES.framework; sourceTree = SDKROOT; };
		26BB4F1C1972F3D30077FF6F /* AVFoundation.framework */ = {isa = PBXFileReference; lastKnownFileType = wrapper.framework; name = AVFoundation.framework; path = System/Library/Frameworks/AVFoundation.framework; sourceTree = SDKROOT; };
		26BB4F1E1972F3DE0077FF6F /* QuartzCore.framework */ = {isa = PBXFileReference; lastKnownFileType = wrapper.framework; name = QuartzCore.framework; path = System/Library/Frameworks/QuartzCore.framework; sourceTree = SDKROOT; };
		26BB4F25197302B00077FF6F /* NSString+ContainsString.h */ = {isa = PBXFileReference; fileEncoding = 4; lastKnownFileType = sourcecode.c.h; lineEnding = 0; path = "NSString+ContainsString.h"; sourceTree = "<group>"; xcLanguageSpecificationIdentifier = xcode.lang.objcpp; };
		26BB4F26197302B00077FF6F /* NSString+ContainsString.m */ = {isa = PBXFileReference; fileEncoding = 4; lastKnownFileType = sourcecode.c.objc; lineEnding = 0; path = "NSString+ContainsString.m"; sourceTree = "<group>"; xcLanguageSpecificationIdentifier = xcode.lang.objc; };
		26BB4F28197473CF0077FF6F /* FSQModelController.h */ = {isa = PBXFileReference; fileEncoding = 4; lastKnownFileType = sourcecode.c.h; lineEnding = 0; path = FSQModelController.h; sourceTree = "<group>"; xcLanguageSpecificationIdentifier = xcode.lang.objcpp; };
		26BB4F29197473CF0077FF6F /* FSQModelController.m */ = {isa = PBXFileReference; fileEncoding = 4; lastKnownFileType = sourcecode.c.objc; lineEnding = 0; path = FSQModelController.m; sourceTree = "<group>"; xcLanguageSpecificationIdentifier = xcode.lang.objc; };
		26BB4F61197AB86E0077FF6F /* CarouselViewController.h */ = {isa = PBXFileReference; fileEncoding = 4; lastKnownFileType = sourcecode.c.h; lineEnding = 0; path = CarouselViewController.h; sourceTree = "<group>"; xcLanguageSpecificationIdentifier = xcode.lang.objcpp; };
		26BB4F62197AB86E0077FF6F /* CarouselViewController.m */ = {isa = PBXFileReference; fileEncoding = 4; lastKnownFileType = sourcecode.c.objc; lineEnding = 0; path = CarouselViewController.m; sourceTree = "<group>"; xcLanguageSpecificationIdentifier = xcode.lang.objc; };
		26BB4F63197AB86E0077FF6F /* CarouselViewController.xib */ = {isa = PBXFileReference; fileEncoding = 4; lastKnownFileType = file.xib; path = CarouselViewController.xib; sourceTree = "<group>"; };
		26BB4F82197DBC520077FF6F /* FAKFontAwesome.h */ = {isa = PBXFileReference; fileEncoding = 4; lastKnownFileType = sourcecode.c.h; path = FAKFontAwesome.h; sourceTree = "<group>"; };
		26BB4F83197DBC520077FF6F /* FAKFontAwesome.m */ = {isa = PBXFileReference; fileEncoding = 4; lastKnownFileType = sourcecode.c.objc; path = FAKFontAwesome.m; sourceTree = "<group>"; };
		26BB4F84197DBC520077FF6F /* FAKFoundationIcons.h */ = {isa = PBXFileReference; fileEncoding = 4; lastKnownFileType = sourcecode.c.h; path = FAKFoundationIcons.h; sourceTree = "<group>"; };
		26BB4F85197DBC520077FF6F /* FAKFoundationIcons.m */ = {isa = PBXFileReference; fileEncoding = 4; lastKnownFileType = sourcecode.c.objc; path = FAKFoundationIcons.m; sourceTree = "<group>"; };
		26BB4F86197DBC520077FF6F /* FAKIcon.h */ = {isa = PBXFileReference; fileEncoding = 4; lastKnownFileType = sourcecode.c.h; path = FAKIcon.h; sourceTree = "<group>"; };
		26BB4F87197DBC520077FF6F /* FAKIcon.m */ = {isa = PBXFileReference; fileEncoding = 4; lastKnownFileType = sourcecode.c.objc; path = FAKIcon.m; sourceTree = "<group>"; };
		26BB4F88197DBC520077FF6F /* FAKIonIcons.h */ = {isa = PBXFileReference; fileEncoding = 4; lastKnownFileType = sourcecode.c.h; path = FAKIonIcons.h; sourceTree = "<group>"; };
		26BB4F89197DBC520077FF6F /* FAKIonIcons.m */ = {isa = PBXFileReference; fileEncoding = 4; lastKnownFileType = sourcecode.c.objc; path = FAKIonIcons.m; sourceTree = "<group>"; };
		26BB4F8A197DBC520077FF6F /* FAKZocial.h */ = {isa = PBXFileReference; fileEncoding = 4; lastKnownFileType = sourcecode.c.h; path = FAKZocial.h; sourceTree = "<group>"; };
		26BB4F8B197DBC520077FF6F /* FAKZocial.m */ = {isa = PBXFileReference; fileEncoding = 4; lastKnownFileType = sourcecode.c.objc; path = FAKZocial.m; sourceTree = "<group>"; };
		26BB4F8C197DBC520077FF6F /* FontAwesome.otf */ = {isa = PBXFileReference; lastKnownFileType = file; path = FontAwesome.otf; sourceTree = "<group>"; };
		26BB4F8D197DBC520077FF6F /* FontAwesomeKit.h */ = {isa = PBXFileReference; fileEncoding = 4; lastKnownFileType = sourcecode.c.h; path = FontAwesomeKit.h; sourceTree = "<group>"; };
		26BB4F8E197DBC520077FF6F /* foundation-icons.ttf */ = {isa = PBXFileReference; lastKnownFileType = file; path = "foundation-icons.ttf"; sourceTree = "<group>"; };
		26BB4F8F197DBC520077FF6F /* ionicons.ttf */ = {isa = PBXFileReference; lastKnownFileType = file; path = ionicons.ttf; sourceTree = "<group>"; };
		26BB4F90197DBC520077FF6F /* zocial-regular-webfont.ttf */ = {isa = PBXFileReference; lastKnownFileType = file; path = "zocial-regular-webfont.ttf"; sourceTree = "<group>"; };
		26BB4F9A197DBC670077FF6F /* CoreText.framework */ = {isa = PBXFileReference; lastKnownFileType = wrapper.framework; name = CoreText.framework; path = System/Library/Frameworks/CoreText.framework; sourceTree = SDKROOT; };
		26BFA6D019E1C0B500B9EFDC /* little_settings_icon.ico */ = {isa = PBXFileReference; lastKnownFileType = image.ico; path = little_settings_icon.ico; sourceTree = "<group>"; };
		26E5A90519CEFA12006C4014 /* icon_58.png */ = {isa = PBXFileReference; lastKnownFileType = image.png; path = icon_58.png; sourceTree = "<group>"; };
		26E5A90619CEFA12006C4014 /* icon_80.png */ = {isa = PBXFileReference; lastKnownFileType = image.png; path = icon_80.png; sourceTree = "<group>"; };
		26E5A90719CEFA12006C4014 /* icon_120.png */ = {isa = PBXFileReference; lastKnownFileType = image.png; path = icon_120.png; sourceTree = "<group>"; };
		26E5A90B19CEFA2B006C4014 /* artwork-source.png */ = {isa = PBXFileReference; lastKnownFileType = image.png; path = "artwork-source.png"; sourceTree = "<group>"; };
		26FA904C19A68013001B1B79 /* Default-568h@2x.png */ = {isa = PBXFileReference; lastKnownFileType = image.png; path = "Default-568h@2x.png"; sourceTree = "<group>"; };
		26FA904E19A68018001B1B79 /* Default@2x.png */ = {isa = PBXFileReference; lastKnownFileType = image.png; path = "Default@2x.png"; sourceTree = "<group>"; };
		5097298FB0C6DD0FF37DA6FF /* libPods-Squareness.a */ = {isa = PBXFileReference; explicitFileType = archive.ar; includeInIndex = 0; path = "libPods-Squareness.a"; sourceTree = BUILT_PRODUCTS_DIR; };
		7E4AC2D71250DA9B83CEC0BD /* Pods-Squareness.debug.xcconfig */ = {isa = PBXFileReference; includeInIndex = 1; lastKnownFileType = text.xcconfig; name = "Pods-Squareness.debug.xcconfig"; path = "Target Support Files/Pods-Squareness/Pods-Squareness.debug.xcconfig"; sourceTree = "<group>"; };
		94B7D66A6D014EE440F0DFA6 /* Pods-SquarenessTests.release.xcconfig */ = {isa = PBXFileReference; includeInIndex = 1; lastKnownFileType = text.xcconfig; name = "Pods-SquarenessTests.release.xcconfig"; path = "Target Support Files/Pods-SquarenessTests/Pods-SquarenessTests.release.xcconfig"; sourceTree = "<group>"; };
		DAF4E3CDC22DADB360AF0315 /* Pods-SquarenessTests.debug.xcconfig */ = {isa = PBXFileReference; includeInIndex = 1; lastKnownFileType = text.xcconfig; name = "Pods-SquarenessTests.debug.xcconfig"; path = "Target Support Files/Pods-SquarenessTests/Pods-SquarenessTests.debug.xcconfig"; sourceTree = "<group>"; };
		DDB6CC34001F9D88D63EDA92 /* Pods-Squareness.release.xcconfig */ = {isa = PBXFileReference; includeInIndex = 1; lastKnownFileType = text.xcconfig; name = "Pods-Squareness.release.xcconfig"; path = "Target Support Files/Pods-Squareness/Pods-Squareness.release.xcconfig"; sourceTree = "<group>"; };
/* End PBXFileReference section */

/* Begin PBXFrameworksBuildPhase section */
		26BB4EA0197098630077FF6F /* Frameworks */ = {
			isa = PBXFrameworksBuildPhase;
			buildActionMask = 2147483647;
			files = (
				268666741AB8DB1600071C38 /* Social.framework in Frameworks */,
				26BB4F9B197DBC670077FF6F /* CoreText.framework in Frameworks */,
				26BB4F1F1972F3DE0077FF6F /* QuartzCore.framework in Frameworks */,
				26BB4F1D1972F3D30077FF6F /* AVFoundation.framework in Frameworks */,
				26BB4F1B1972F3C80077FF6F /* OpenGLES.framework in Frameworks */,
				26BB4F191972F3B80077FF6F /* CoreVideo.framework in Frameworks */,
				26BB4F171972F3AF0077FF6F /* CoreMedia.framework in Frameworks */,
				26BB4EA9197098630077FF6F /* CoreGraphics.framework in Frameworks */,
				26BB4EAB197098630077FF6F /* UIKit.framework in Frameworks */,
				26BB4EA7197098630077FF6F /* Foundation.framework in Frameworks */,
				4EC701B052D02EEE72FD5780 /* libPods-Squareness.a in Frameworks */,
			);
			runOnlyForDeploymentPostprocessing = 0;
		};
		26BB4EBB197098630077FF6F /* Frameworks */ = {
			isa = PBXFrameworksBuildPhase;
			buildActionMask = 2147483647;
			files = (
				26BB4EC0197098630077FF6F /* XCTest.framework in Frameworks */,
				26BB4EC2197098630077FF6F /* UIKit.framework in Frameworks */,
				26BB4EC1197098630077FF6F /* Foundation.framework in Frameworks */,
				C6AEEDD0848A7E10C5531465 /* libPods-SquarenessTests.a in Frameworks */,
			);
			runOnlyForDeploymentPostprocessing = 0;
		};
/* End PBXFrameworksBuildPhase section */

/* Begin PBXGroup section */
		2607C8C11C9D5B4C008B05A9 /* ViewControllers */ = {
			isa = PBXGroup;
			children = (
				2607C8D01C9D69DF008B05A9 /* BaseViewController */,
				2607C8CD1C9D5CD7008B05A9 /* FirstViewController */,
				2607C8CF1C9D5CF7008B05A9 /* CarouselViewController */,
				2607C8CE1C9D5CE6008B05A9 /* OptionsViewController */,
			);
			name = ViewControllers;
			sourceTree = "<group>";
		};
		2607C8C21C9D5B55008B05A9 /* Views */ = {
			isa = PBXGroup;
			children = (
			);
			name = Views;
			sourceTree = "<group>";
		};
		2607C8C31C9D5B6F008B05A9 /* Model */ = {
			isa = PBXGroup;
			children = (
				26BB4F28197473CF0077FF6F /* FSQModelController.h */,
				26BB4F29197473CF0077FF6F /* FSQModelController.m */,
			);
			name = Model;
			sourceTree = "<group>";
		};
		2607C8C41C9D5BB2008B05A9 /* Categories */ = {
			isa = PBXGroup;
			children = (
				2607C9971C9DEAB6008B05A9 /* UIView */,
				2607C8DD1C9D9A45008B05A9 /* UIColor */,
				2607C8CC1C9D5CB4008B05A9 /* NSString */,
				2607C8CB1C9D5CA8008B05A9 /* UIImage */,
			);
			name = Categories;
			sourceTree = "<group>";
		};
		2607C8C51C9D5BCC008B05A9 /* External */ = {
			isa = PBXGroup;
			children = (
				26BB4F81197DBC520077FF6F /* FontAwesomeKit */,
				2607C8C91C9D5C7C008B05A9 /* DDIndicator */,
				2607C8C71C9D5C53008B05A9 /* JASidePanel */,
			);
			name = External;
			sourceTree = "<group>";
		};
		2607C8C71C9D5C53008B05A9 /* JASidePanel */ = {
			isa = PBXGroup;
			children = (
				267E73611CA69AF4002B7DE4 /* JASidePanelController.h */,
				267E73621CA69AF4002B7DE4 /* JASidePanelController.m */,
				267E73631CA69AF4002B7DE4 /* UIViewController+JASidePanel.h */,
				267E73641CA69AF4002B7DE4 /* UIViewController+JASidePanel.m */,
			);
			name = JASidePanel;
			sourceTree = "<group>";
		};
		2607C8C91C9D5C7C008B05A9 /* DDIndicator */ = {
			isa = PBXGroup;
			children = (
				2622918B19839E200001C116 /* DDIndicator.h */,
				2622918C19839E200001C116 /* DDIndicator.m */,
			);
			name = DDIndicator;
			sourceTree = "<group>";
		};
		2607C8CB1C9D5CA8008B05A9 /* UIImage */ = {
			isa = PBXGroup;
			children = (
				260E3722198428D300E5985E /* UIImage+Rotate.h */,
				260E3723198428D300E5985E /* UIImage+Rotate.m */,
				26BB4EE41970A2960077FF6F /* UIImage+Resize.h */,
				26BB4EE51970A2960077FF6F /* UIImage+Resize.m */,
				2607C8D41C9D7CB9008B05A9 /* UIImage+Border.h */,
				2607C8D51C9D7CB9008B05A9 /* UIImage+Border.m */,
			);
			name = UIImage;
			sourceTree = "<group>";
		};
		2607C8CC1C9D5CB4008B05A9 /* NSString */ = {
			isa = PBXGroup;
			children = (
				26BB4F26197302B00077FF6F /* NSString+ContainsString.m */,
				26BB4F25197302B00077FF6F /* NSString+ContainsString.h */,
			);
			name = NSString;
			sourceTree = "<group>";
		};
		2607C8CD1C9D5CD7008B05A9 /* FirstViewController */ = {
			isa = PBXGroup;
			children = (
				26BB4EDA197099E50077FF6F /* FSQFirstViewController.h */,
				26BB4EDB197099E50077FF6F /* FSQFirstViewController.m */,
				26BB4EDC197099E50077FF6F /* FSQFirstViewController.xib */,
			);
			name = FirstViewController;
			sourceTree = "<group>";
		};
		2607C8CE1C9D5CE6008B05A9 /* OptionsViewController */ = {
			isa = PBXGroup;
			children = (
				26BB4EEF1971BDF60077FF6F /* FSQOptionsViewController.h */,
				26BB4EF01971BDF60077FF6F /* FSQOptionsViewController.m */,
				26BB4EF11971BDF60077FF6F /* FSQOptionsViewController.xib */,
			);
			name = OptionsViewController;
			sourceTree = "<group>";
		};
		2607C8CF1C9D5CF7008B05A9 /* CarouselViewController */ = {
			isa = PBXGroup;
			children = (
				26BB4F61197AB86E0077FF6F /* CarouselViewController.h */,
				26BB4F62197AB86E0077FF6F /* CarouselViewController.m */,
				26BB4F63197AB86E0077FF6F /* CarouselViewController.xib */,
			);
			name = CarouselViewController;
			sourceTree = "<group>";
		};
		2607C8D01C9D69DF008B05A9 /* BaseViewController */ = {
			isa = PBXGroup;
			children = (
				2607C8D11C9D6A10008B05A9 /* FSQBaseViewController.h */,
				2607C8D21C9D6A10008B05A9 /* FSQBaseViewController.m */,
			);
			name = BaseViewController;
			sourceTree = "<group>";
		};
		2607C8DD1C9D9A45008B05A9 /* UIColor */ = {
			isa = PBXGroup;
			children = (
				2607C8DE1C9D9A70008B05A9 /* UIColor+HexString.h */,
				2607C8DF1C9D9A70008B05A9 /* UIColor+HexString.m */,
			);
			name = UIColor;
			sourceTree = "<group>";
		};
		2607C8E11C9D9B3E008B05A9 /* Resources */ = {
			isa = PBXGroup;
			children = (
				267E73871CA722E4002B7DE4 /* grid_gray.png */,
				267E73831CA722A5002B7DE4 /* camera_gray.png */,
				267E73841CA722A5002B7DE4 /* reset_gray.png */,
				267E73811CA71D88002B7DE4 /* randomness_white.png */,
				267E737F1CA71CFD002B7DE4 /* reset_white.png */,
				267E737D1CA71CED002B7DE4 /* randomness_gray.png */,
				267E73771CA71713002B7DE4 /* grid_white.png */,
				267E73791CA71714002B7DE4 /* stripes_white.png */,
				267E73751CA7123F002B7DE4 /* save_white.png */,
				267E736F1CA709AD002B7DE4 /* camera_white.png */,
				267E736B1CA704E3002B7DE4 /* info_white.png */,
				267E73671CA6FA82002B7DE4 /* photos_white.png */,
				267E73891CA7235B002B7DE4 /* stripes_gray.png */,
				2635DEEB19E03EB000AB4D19 /* list_icon.ico */,
				2635DEF319E04C4200AB4D19 /* big_settings_icon.ico */,
				26BFA6D019E1C0B500B9EFDC /* little_settings_icon.ico */,
				26E5A90B19CEFA2B006C4014 /* artwork-source.png */,
				26E5A90519CEFA12006C4014 /* icon_58.png */,
				26E5A90619CEFA12006C4014 /* icon_80.png */,
				26E5A90719CEFA12006C4014 /* icon_120.png */,
				268FCE591A3487840079E38E /* icon_180.png */,
				268FCE5B1A3489130079E38E /* icon_29.png */,
				268FCE5C1A3489130079E38E /* icon_40.png */,
				268FCE5D1A3489130079E38E /* icon_76.png */,
				268FCE5E1A3489130079E38E /* icon_87.png */,
				268FCE5F1A3489130079E38E /* icon_152.png */,
				26FA904C19A68013001B1B79 /* Default-568h@2x.png */,
				26FA904E19A68018001B1B79 /* Default@2x.png */,
			);
			name = Resources;
			sourceTree = "<group>";
		};
		2607C9971C9DEAB6008B05A9 /* UIView */ = {
			isa = PBXGroup;
			children = (
				2607C9981C9DEAF3008B05A9 /* UIView+Divide.h */,
				2607C9991C9DEAF3008B05A9 /* UIView+Divide.m */,
			);
			name = UIView;
			sourceTree = "<group>";
		};
		26BB4E9A197098630077FF6F = {
			isa = PBXGroup;
			children = (
				26BB4EAC197098630077FF6F /* FSquares */,
				26BB4EC5197098630077FF6F /* FSquaresTests */,
				26BB4EA5197098630077FF6F /* Frameworks */,
				26BB4EA4197098630077FF6F /* Products */,
				F25E5E6964CA9C12B4E12038 /* Pods */,
			);
			sourceTree = "<group>";
		};
		26BB4EA4197098630077FF6F /* Products */ = {
			isa = PBXGroup;
			children = (
				26BB4EA3197098630077FF6F /* Squareness.app */,
				26BB4EBE197098630077FF6F /* SquarenessTests.xctest */,
			);
			name = Products;
			sourceTree = "<group>";
		};
		26BB4EA5197098630077FF6F /* Frameworks */ = {
			isa = PBXGroup;
			children = (
				268666751AB8DB2500071C38 /* Accounts.framework */,
				268666731AB8DB1600071C38 /* Social.framework */,
				26BB4F9A197DBC670077FF6F /* CoreText.framework */,
				26BB4F1E1972F3DE0077FF6F /* QuartzCore.framework */,
				26BB4F1C1972F3D30077FF6F /* AVFoundation.framework */,
				26BB4F1A1972F3C80077FF6F /* OpenGLES.framework */,
				26BB4F181972F3B80077FF6F /* CoreVideo.framework */,
				26BB4F161972F3AF0077FF6F /* CoreMedia.framework */,
				26BB4EA6197098630077FF6F /* Foundation.framework */,
				26BB4EA8197098630077FF6F /* CoreGraphics.framework */,
				26BB4EAA197098630077FF6F /* UIKit.framework */,
				26BB4EBF197098630077FF6F /* XCTest.framework */,
				5097298FB0C6DD0FF37DA6FF /* libPods-Squareness.a */,
				1F83F22E7F16AC31D1588EA5 /* libPods-SquarenessTests.a */,
			);
			name = Frameworks;
			sourceTree = "<group>";
		};
		26BB4EAC197098630077FF6F /* FSquares */ = {
			isa = PBXGroup;
			children = (
				2607C8E11C9D9B3E008B05A9 /* Resources */,
				2607C8C51C9D5BCC008B05A9 /* External */,
				2607C8C41C9D5BB2008B05A9 /* Categories */,
				2607C8C31C9D5B6F008B05A9 /* Model */,
				2607C8C21C9D5B55008B05A9 /* Views */,
				2607C8C11C9D5B4C008B05A9 /* ViewControllers */,
				26BB4EB5197098630077FF6F /* FSQAppDelegate.h */,
				26BB4EB6197098630077FF6F /* FSQAppDelegate.m */,
				26BB4EFB1972894A0077FF6F /* FilterNamesUser.plist */,
				26BB4EFD19728A070077FF6F /* FilterNamesCoreImage.plist */,
				26BB4EB8197098630077FF6F /* Images.xcassets */,
				26BB4EAD197098630077FF6F /* Supporting Files */,
			);
			path = FSquares;
			sourceTree = "<group>";
		};
		26BB4EAD197098630077FF6F /* Supporting Files */ = {
			isa = PBXGroup;
			children = (
				26BB4EAE197098630077FF6F /* Squareness-Info.plist */,
				26BB4EAF197098630077FF6F /* InfoPlist.strings */,
				26BB4EB2197098630077FF6F /* main.m */,
				26BB4EB4197098630077FF6F /* Squareness-Prefix.pch */,
			);
			name = "Supporting Files";
			sourceTree = "<group>";
		};
		26BB4EC5197098630077FF6F /* FSquaresTests */ = {
			isa = PBXGroup;
			children = (
				26BB4ECB197098630077FF6F /* FSquaresTests.m */,
				26BB4EC6197098630077FF6F /* Supporting Files */,
			);
			path = FSquaresTests;
			sourceTree = "<group>";
		};
		26BB4EC6197098630077FF6F /* Supporting Files */ = {
			isa = PBXGroup;
			children = (
				26BB4EC7197098630077FF6F /* SquarenessTests-Info.plist */,
				26BB4EC8197098630077FF6F /* InfoPlist.strings */,
			);
			name = "Supporting Files";
			sourceTree = "<group>";
		};
		26BB4F81197DBC520077FF6F /* FontAwesomeKit */ = {
			isa = PBXGroup;
			children = (
				26BB4F82197DBC520077FF6F /* FAKFontAwesome.h */,
				26BB4F83197DBC520077FF6F /* FAKFontAwesome.m */,
				26BB4F84197DBC520077FF6F /* FAKFoundationIcons.h */,
				26BB4F85197DBC520077FF6F /* FAKFoundationIcons.m */,
				26BB4F86197DBC520077FF6F /* FAKIcon.h */,
				26BB4F87197DBC520077FF6F /* FAKIcon.m */,
				26BB4F88197DBC520077FF6F /* FAKIonIcons.h */,
				26BB4F89197DBC520077FF6F /* FAKIonIcons.m */,
				26BB4F8A197DBC520077FF6F /* FAKZocial.h */,
				26BB4F8B197DBC520077FF6F /* FAKZocial.m */,
				26BB4F8C197DBC520077FF6F /* FontAwesome.otf */,
				26BB4F8D197DBC520077FF6F /* FontAwesomeKit.h */,
				26BB4F8E197DBC520077FF6F /* foundation-icons.ttf */,
				26BB4F8F197DBC520077FF6F /* ionicons.ttf */,
				26BB4F90197DBC520077FF6F /* zocial-regular-webfont.ttf */,
			);
			path = FontAwesomeKit;
			sourceTree = "<group>";
		};
		F25E5E6964CA9C12B4E12038 /* Pods */ = {
			isa = PBXGroup;
			children = (
				7E4AC2D71250DA9B83CEC0BD /* Pods-Squareness.debug.xcconfig */,
				DDB6CC34001F9D88D63EDA92 /* Pods-Squareness.release.xcconfig */,
				DAF4E3CDC22DADB360AF0315 /* Pods-SquarenessTests.debug.xcconfig */,
				94B7D66A6D014EE440F0DFA6 /* Pods-SquarenessTests.release.xcconfig */,
			);
			path = Pods;
			sourceTree = "<group>";
		};
/* End PBXGroup section */

/* Begin PBXNativeTarget section */
		26BB4EA2197098630077FF6F /* Squareness */ = {
			isa = PBXNativeTarget;
			buildConfigurationList = 26BB4ECF197098630077FF6F /* Build configuration list for PBXNativeTarget "Squareness" */;
			buildPhases = (
				69A0EFEE338B5960F6D77817 /* [CP] Check Pods Manifest.lock */,
				26BB4E9F197098630077FF6F /* Sources */,
				26BB4EA0197098630077FF6F /* Frameworks */,
				26BB4EA1197098630077FF6F /* Resources */,
				3DC202731F7C1592D2859B5D /* [CP] Copy Pods Resources */,
			);
			buildRules = (
			);
			dependencies = (
			);
			name = Squareness;
			productName = FSquares;
			productReference = 26BB4EA3197098630077FF6F /* Squareness.app */;
			productType = "com.apple.product-type.application";
		};
		26BB4EBD197098630077FF6F /* SquarenessTests */ = {
			isa = PBXNativeTarget;
			buildConfigurationList = 26BB4ED2197098630077FF6F /* Build configuration list for PBXNativeTarget "SquarenessTests" */;
			buildPhases = (
				8A4C2D9053EB3D4BC9D1EE61 /* [CP] Check Pods Manifest.lock */,
				26BB4EBA197098630077FF6F /* Sources */,
				26BB4EBB197098630077FF6F /* Frameworks */,
				26BB4EBC197098630077FF6F /* Resources */,
			);
			buildRules = (
			);
			dependencies = (
				26BB4EC4197098630077FF6F /* PBXTargetDependency */,
			);
			name = SquarenessTests;
			productName = FSquaresTests;
			productReference = 26BB4EBE197098630077FF6F /* SquarenessTests.xctest */;
			productType = "com.apple.product-type.bundle.unit-test";
		};
/* End PBXNativeTarget section */

/* Begin PBXProject section */
		26BB4E9B197098630077FF6F /* Project object */ = {
			isa = PBXProject;
			attributes = {
				CLASSPREFIX = FSQ;
				LastUpgradeCheck = 1010;
				ORGANIZATIONNAME = "___FULLUSERNAME___";
				TargetAttributes = {
					26BB4EA2197098630077FF6F = {
						DevelopmentTeam = 7N365M3AC6;
						ProvisioningStyle = Automatic;
					};
					26BB4EBD197098630077FF6F = {
						TestTargetID = 26BB4EA2197098630077FF6F;
					};
				};
			};
			buildConfigurationList = 26BB4E9E197098630077FF6F /* Build configuration list for PBXProject "Squareness" */;
			compatibilityVersion = "Xcode 3.2";
			developmentRegion = English;
			hasScannedForEncodings = 0;
			knownRegions = (
				en,
			);
			mainGroup = 26BB4E9A197098630077FF6F;
			productRefGroup = 26BB4EA4197098630077FF6F /* Products */;
			projectDirPath = "";
			projectRoot = "";
			targets = (
				26BB4EA2197098630077FF6F /* Squareness */,
				26BB4EBD197098630077FF6F /* SquarenessTests */,
			);
		};
/* End PBXProject section */

/* Begin PBXResourcesBuildPhase section */
		26BB4EA1197098630077FF6F /* Resources */ = {
			isa = PBXResourcesBuildPhase;
			buildActionMask = 2147483647;
			files = (
				267E737A1CA71714002B7DE4 /* grid_white.png in Resources */,
				26BB4EDE197099E50077FF6F /* FSQFirstViewController.xib in Resources */,
				267E737E1CA71CED002B7DE4 /* randomness_gray.png in Resources */,
				26FA904D19A68013001B1B79 /* Default-568h@2x.png in Resources */,
				26BB4EB1197098630077FF6F /* InfoPlist.strings in Resources */,
				267E737C1CA71714002B7DE4 /* stripes_white.png in Resources */,
				267E738A1CA7235B002B7DE4 /* stripes_gray.png in Resources */,
				26BB4EFE19728A070077FF6F /* FilterNamesCoreImage.plist in Resources */,
				26BFA6D119E1C0B500B9EFDC /* little_settings_icon.ico in Resources */,
				267E73881CA722E4002B7DE4 /* grid_gray.png in Resources */,
				268FCE641A3489130079E38E /* icon_87.png in Resources */,
				26E5A90A19CEFA12006C4014 /* icon_120.png in Resources */,
				267E73681CA6FA82002B7DE4 /* photos_white.png in Resources */,
				26BB4EF31971BDF60077FF6F /* FSQOptionsViewController.xib in Resources */,
				26FA904F19A68018001B1B79 /* Default@2x.png in Resources */,
				267E73701CA709AD002B7DE4 /* camera_white.png in Resources */,
				26E5A90819CEFA12006C4014 /* icon_58.png in Resources */,
				268FCE651A3489130079E38E /* icon_152.png in Resources */,
				267E73821CA71D88002B7DE4 /* randomness_white.png in Resources */,
				267E73861CA722A5002B7DE4 /* reset_gray.png in Resources */,
				26E5A90C19CEFA2B006C4014 /* artwork-source.png in Resources */,
				2635DEEC19E03EB000AB4D19 /* list_icon.ico in Resources */,
				26BB4F99197DBC520077FF6F /* zocial-regular-webfont.ttf in Resources */,
				26BB4F98197DBC520077FF6F /* ionicons.ttf in Resources */,
				267E73801CA71CFD002B7DE4 /* reset_white.png in Resources */,
				268FCE621A3489130079E38E /* icon_40.png in Resources */,
				267E73761CA7123F002B7DE4 /* save_white.png in Resources */,
				268FCE5A1A3487840079E38E /* icon_180.png in Resources */,
				26BB4F65197AB86E0077FF6F /* CarouselViewController.xib in Resources */,
				26BB4F96197DBC520077FF6F /* FontAwesome.otf in Resources */,
				268FCE611A3489130079E38E /* icon_29.png in Resources */,
				267E73851CA722A5002B7DE4 /* camera_gray.png in Resources */,
				267E736C1CA704E3002B7DE4 /* info_white.png in Resources */,
				26BB4F97197DBC520077FF6F /* foundation-icons.ttf in Resources */,
				2635DEF419E04C4200AB4D19 /* big_settings_icon.ico in Resources */,
				26BB4EB9197098630077FF6F /* Images.xcassets in Resources */,
				268FCE631A3489130079E38E /* icon_76.png in Resources */,
				26E5A90919CEFA12006C4014 /* icon_80.png in Resources */,
				26BB4EFC1972894A0077FF6F /* FilterNamesUser.plist in Resources */,
			);
			runOnlyForDeploymentPostprocessing = 0;
		};
		26BB4EBC197098630077FF6F /* Resources */ = {
			isa = PBXResourcesBuildPhase;
			buildActionMask = 2147483647;
			files = (
				26BB4ECA197098630077FF6F /* InfoPlist.strings in Resources */,
			);
			runOnlyForDeploymentPostprocessing = 0;
		};
/* End PBXResourcesBuildPhase section */

/* Begin PBXShellScriptBuildPhase section */
		3DC202731F7C1592D2859B5D /* [CP] Copy Pods Resources */ = {
			isa = PBXShellScriptBuildPhase;
			buildActionMask = 2147483647;
			files = (
			);
			inputFileListPaths = (
			);
			inputPaths = (
				"${PODS_ROOT}/Target Support Files/Pods-Squareness/Pods-Squareness-resources.sh",
				"${PODS_ROOT}/GPUImage/framework/Resources/lookup.png",
				"${PODS_ROOT}/GPUImage/framework/Resources/lookup_amatorka.png",
				"${PODS_ROOT}/GPUImage/framework/Resources/lookup_miss_etikate.png",
				"${PODS_ROOT}/GPUImage/framework/Resources/lookup_soft_elegance_1.png",
				"${PODS_ROOT}/GPUImage/framework/Resources/lookup_soft_elegance_2.png",
				"${PODS_ROOT}/SIAlertView/SIAlertView/SIAlertView.bundle",
			);
			name = "[CP] Copy Pods Resources";
			outputFileListPaths = (
			);
			outputPaths = (
				"${TARGET_BUILD_DIR}/${UNLOCALIZED_RESOURCES_FOLDER_PATH}/lookup.png",
				"${TARGET_BUILD_DIR}/${UNLOCALIZED_RESOURCES_FOLDER_PATH}/lookup_amatorka.png",
				"${TARGET_BUILD_DIR}/${UNLOCALIZED_RESOURCES_FOLDER_PATH}/lookup_miss_etikate.png",
				"${TARGET_BUILD_DIR}/${UNLOCALIZED_RESOURCES_FOLDER_PATH}/lookup_soft_elegance_1.png",
				"${TARGET_BUILD_DIR}/${UNLOCALIZED_RESOURCES_FOLDER_PATH}/lookup_soft_elegance_2.png",
				"${TARGET_BUILD_DIR}/${UNLOCALIZED_RESOURCES_FOLDER_PATH}/SIAlertView.bundle",
			);
			runOnlyForDeploymentPostprocessing = 0;
			shellPath = /bin/sh;
			shellScript = "\"${PODS_ROOT}/Target Support Files/Pods-Squareness/Pods-Squareness-resources.sh\"\n";
			showEnvVarsInLog = 0;
		};
		69A0EFEE338B5960F6D77817 /* [CP] Check Pods Manifest.lock */ = {
			isa = PBXShellScriptBuildPhase;
			buildActionMask = 2147483647;
			files = (
			);
			inputFileListPaths = (
			);
			inputPaths = (
				"${PODS_PODFILE_DIR_PATH}/Podfile.lock",
				"${PODS_ROOT}/Manifest.lock",
			);
			name = "[CP] Check Pods Manifest.lock";
			outputFileListPaths = (
			);
			outputPaths = (
				"$(DERIVED_FILE_DIR)/Pods-Squareness-checkManifestLockResult.txt",
			);
			runOnlyForDeploymentPostprocessing = 0;
			shellPath = /bin/sh;
			shellScript = "diff \"${PODS_PODFILE_DIR_PATH}/Podfile.lock\" \"${PODS_ROOT}/Manifest.lock\" > /dev/null\nif [ $? != 0 ] ; then\n    # print error to STDERR\n    echo \"error: The sandbox is not in sync with the Podfile.lock. Run 'pod install' or update your CocoaPods installation.\" >&2\n    exit 1\nfi\n# This output is used by Xcode 'outputs' to avoid re-running this script phase.\necho \"SUCCESS\" > \"${SCRIPT_OUTPUT_FILE_0}\"\n";
			showEnvVarsInLog = 0;
		};
		8A4C2D9053EB3D4BC9D1EE61 /* [CP] Check Pods Manifest.lock */ = {
			isa = PBXShellScriptBuildPhase;
			buildActionMask = 2147483647;
			files = (
			);
			inputFileListPaths = (
			);
			inputPaths = (
				"${PODS_PODFILE_DIR_PATH}/Podfile.lock",
				"${PODS_ROOT}/Manifest.lock",
			);
			name = "[CP] Check Pods Manifest.lock";
			outputFileListPaths = (
			);
			outputPaths = (
				"$(DERIVED_FILE_DIR)/Pods-SquarenessTests-checkManifestLockResult.txt",
			);
			runOnlyForDeploymentPostprocessing = 0;
			shellPath = /bin/sh;
			shellScript = "diff \"${PODS_PODFILE_DIR_PATH}/Podfile.lock\" \"${PODS_ROOT}/Manifest.lock\" > /dev/null\nif [ $? != 0 ] ; then\n    # print error to STDERR\n    echo \"error: The sandbox is not in sync with the Podfile.lock. Run 'pod install' or update your CocoaPods installation.\" >&2\n    exit 1\nfi\n# This output is used by Xcode 'outputs' to avoid re-running this script phase.\necho \"SUCCESS\" > \"${SCRIPT_OUTPUT_FILE_0}\"\n";
			showEnvVarsInLog = 0;
		};
/* End PBXShellScriptBuildPhase section */

/* Begin PBXSourcesBuildPhase section */
		26BB4E9F197098630077FF6F /* Sources */ = {
			isa = PBXSourcesBuildPhase;
			buildActionMask = 2147483647;
			files = (
				26BB4EB3197098630077FF6F /* main.m in Sources */,
				26BB4EF21971BDF60077FF6F /* FSQOptionsViewController.m in Sources */,
				26BB4F64197AB86E0077FF6F /* CarouselViewController.m in Sources */,
				26BB4EDD197099E50077FF6F /* FSQFirstViewController.m in Sources */,
				267E73651CA69AF4002B7DE4 /* JASidePanelController.m in Sources */,
				26BB4EB7197098630077FF6F /* FSQAppDelegate.m in Sources */,
				2607C8D61C9D7CB9008B05A9 /* UIImage+Border.m in Sources */,
				26BB4F95197DBC520077FF6F /* FAKZocial.m in Sources */,
				26BB4F27197302B00077FF6F /* NSString+ContainsString.m in Sources */,
				26BB4F92197DBC520077FF6F /* FAKFoundationIcons.m in Sources */,
				2622918D19839E200001C116 /* DDIndicator.m in Sources */,
				267E73661CA69AF4002B7DE4 /* UIViewController+JASidePanel.m in Sources */,
				26BB4F93197DBC520077FF6F /* FAKIcon.m in Sources */,
				26BB4F94197DBC520077FF6F /* FAKIonIcons.m in Sources */,
				2607C8E01C9D9A70008B05A9 /* UIColor+HexString.m in Sources */,
				26BB4F91197DBC520077FF6F /* FAKFontAwesome.m in Sources */,
				26BB4F2A197473CF0077FF6F /* FSQModelController.m in Sources */,
				26BB4EE61970A2960077FF6F /* UIImage+Resize.m in Sources */,
				260E3724198428D300E5985E /* UIImage+Rotate.m in Sources */,
				2607C8D31C9D6A10008B05A9 /* FSQBaseViewController.m in Sources */,
				2607C99A1C9DEAF3008B05A9 /* UIView+Divide.m in Sources */,
			);
			runOnlyForDeploymentPostprocessing = 0;
		};
		26BB4EBA197098630077FF6F /* Sources */ = {
			isa = PBXSourcesBuildPhase;
			buildActionMask = 2147483647;
			files = (
				26BB4ECC197098630077FF6F /* FSquaresTests.m in Sources */,
			);
			runOnlyForDeploymentPostprocessing = 0;
		};
/* End PBXSourcesBuildPhase section */

/* Begin PBXTargetDependency section */
		26BB4EC4197098630077FF6F /* PBXTargetDependency */ = {
			isa = PBXTargetDependency;
			target = 26BB4EA2197098630077FF6F /* Squareness */;
			targetProxy = 26BB4EC3197098630077FF6F /* PBXContainerItemProxy */;
		};
/* End PBXTargetDependency section */

/* Begin PBXVariantGroup section */
		26BB4EAF197098630077FF6F /* InfoPlist.strings */ = {
			isa = PBXVariantGroup;
			children = (
				26BB4EB0197098630077FF6F /* en */,
			);
			name = InfoPlist.strings;
			sourceTree = "<group>";
		};
		26BB4EC8197098630077FF6F /* InfoPlist.strings */ = {
			isa = PBXVariantGroup;
			children = (
				26BB4EC9197098630077FF6F /* en */,
			);
			name = InfoPlist.strings;
			sourceTree = "<group>";
		};
/* End PBXVariantGroup section */

/* Begin XCBuildConfiguration section */
		26BB4ECD197098630077FF6F /* Debug */ = {
			isa = XCBuildConfiguration;
			buildSettings = {
				ALWAYS_SEARCH_USER_PATHS = NO;
				CLANG_CXX_LANGUAGE_STANDARD = "gnu++0x";
				CLANG_CXX_LIBRARY = "libc++";
				CLANG_ENABLE_MODULES = YES;
				CLANG_ENABLE_OBJC_ARC = YES;
				CLANG_WARN_BLOCK_CAPTURE_AUTORELEASING = YES;
				CLANG_WARN_BOOL_CONVERSION = YES;
				CLANG_WARN_COMMA = YES;
				CLANG_WARN_CONSTANT_CONVERSION = YES;
				CLANG_WARN_DEPRECATED_OBJC_IMPLEMENTATIONS = YES;
				CLANG_WARN_DIRECT_OBJC_ISA_USAGE = YES_ERROR;
				CLANG_WARN_EMPTY_BODY = YES;
				CLANG_WARN_ENUM_CONVERSION = YES;
				CLANG_WARN_INFINITE_RECURSION = YES;
				CLANG_WARN_INT_CONVERSION = YES;
				CLANG_WARN_NON_LITERAL_NULL_CONVERSION = YES;
				CLANG_WARN_OBJC_IMPLICIT_RETAIN_SELF = YES;
				CLANG_WARN_OBJC_LITERAL_CONVERSION = YES;
				CLANG_WARN_OBJC_ROOT_CLASS = YES_ERROR;
				CLANG_WARN_RANGE_LOOP_ANALYSIS = YES;
				CLANG_WARN_STRICT_PROTOTYPES = YES;
				CLANG_WARN_SUSPICIOUS_MOVE = YES;
				CLANG_WARN_UNREACHABLE_CODE = YES;
				CLANG_WARN__DUPLICATE_METHOD_MATCH = YES;
				CODE_SIGN_IDENTITY = "iPhone Developer";
				"CODE_SIGN_IDENTITY[sdk=iphoneos*]" = "iPhone Developer";
				COPY_PHASE_STRIP = NO;
				ENABLE_BITCODE = NO;
				ENABLE_STRICT_OBJC_MSGSEND = YES;
				ENABLE_TESTABILITY = YES;
				GCC_C_LANGUAGE_STANDARD = gnu99;
				GCC_DYNAMIC_NO_PIC = NO;
				GCC_NO_COMMON_BLOCKS = YES;
				GCC_OPTIMIZATION_LEVEL = 0;
				GCC_PREPROCESSOR_DEFINITIONS = (
					"DEBUG=1",
					"$(inherited)",
				);
				GCC_SYMBOLS_PRIVATE_EXTERN = NO;
				GCC_WARN_64_TO_32_BIT_CONVERSION = YES;
				GCC_WARN_ABOUT_RETURN_TYPE = YES_ERROR;
				GCC_WARN_UNDECLARED_SELECTOR = YES;
				GCC_WARN_UNINITIALIZED_AUTOS = YES_AGGRESSIVE;
				GCC_WARN_UNUSED_FUNCTION = YES;
				GCC_WARN_UNUSED_VARIABLE = YES;
				IPHONEOS_DEPLOYMENT_TARGET = 8.0;
				ONLY_ACTIVE_ARCH = YES;
				SDKROOT = iphoneos;
				TARGETED_DEVICE_FAMILY = "1,2";
			};
			name = Debug;
		};
		26BB4ECE197098630077FF6F /* Release */ = {
			isa = XCBuildConfiguration;
			buildSettings = {
				ALWAYS_SEARCH_USER_PATHS = NO;
				CLANG_CXX_LANGUAGE_STANDARD = "gnu++0x";
				CLANG_CXX_LIBRARY = "libc++";
				CLANG_ENABLE_MODULES = YES;
				CLANG_ENABLE_OBJC_ARC = YES;
				CLANG_WARN_BLOCK_CAPTURE_AUTORELEASING = YES;
				CLANG_WARN_BOOL_CONVERSION = YES;
				CLANG_WARN_COMMA = YES;
				CLANG_WARN_CONSTANT_CONVERSION = YES;
				CLANG_WARN_DEPRECATED_OBJC_IMPLEMENTATIONS = YES;
				CLANG_WARN_DIRECT_OBJC_ISA_USAGE = YES_ERROR;
				CLANG_WARN_EMPTY_BODY = YES;
				CLANG_WARN_ENUM_CONVERSION = YES;
				CLANG_WARN_INFINITE_RECURSION = YES;
				CLANG_WARN_INT_CONVERSION = YES;
				CLANG_WARN_NON_LITERAL_NULL_CONVERSION = YES;
				CLANG_WARN_OBJC_IMPLICIT_RETAIN_SELF = YES;
				CLANG_WARN_OBJC_LITERAL_CONVERSION = YES;
				CLANG_WARN_OBJC_ROOT_CLASS = YES_ERROR;
				CLANG_WARN_RANGE_LOOP_ANALYSIS = YES;
				CLANG_WARN_STRICT_PROTOTYPES = YES;
				CLANG_WARN_SUSPICIOUS_MOVE = YES;
				CLANG_WARN_UNREACHABLE_CODE = YES;
				CLANG_WARN__DUPLICATE_METHOD_MATCH = YES;
				CODE_SIGN_IDENTITY = "iPhone Distribution";
				"CODE_SIGN_IDENTITY[sdk=iphoneos*]" = "iPhone Distribution";
				COPY_PHASE_STRIP = YES;
				ENABLE_BITCODE = NO;
				ENABLE_NS_ASSERTIONS = NO;
				ENABLE_STRICT_OBJC_MSGSEND = YES;
				GCC_C_LANGUAGE_STANDARD = gnu99;
				GCC_NO_COMMON_BLOCKS = YES;
				GCC_WARN_64_TO_32_BIT_CONVERSION = YES;
				GCC_WARN_ABOUT_RETURN_TYPE = YES_ERROR;
				GCC_WARN_UNDECLARED_SELECTOR = YES;
				GCC_WARN_UNINITIALIZED_AUTOS = YES_AGGRESSIVE;
				GCC_WARN_UNUSED_FUNCTION = YES;
				GCC_WARN_UNUSED_VARIABLE = YES;
				IPHONEOS_DEPLOYMENT_TARGET = 8.0;
				SDKROOT = iphoneos;
				TARGETED_DEVICE_FAMILY = "1,2";
				VALIDATE_PRODUCT = YES;
			};
			name = Release;
		};
		26BB4ED0197098630077FF6F /* Debug */ = {
			isa = XCBuildConfiguration;
			baseConfigurationReference = 7E4AC2D71250DA9B83CEC0BD /* Pods-Squareness.debug.xcconfig */;
			buildSettings = {
				ASSETCATALOG_COMPILER_APPICON_NAME = AppIcon;
				ASSETCATALOG_COMPILER_LAUNCHIMAGE_NAME = LaunchImage;
				CODE_SIGN_IDENTITY = "iPhone Developer";
				"CODE_SIGN_IDENTITY[sdk=iphoneos*]" = "iPhone Developer";
				CODE_SIGN_STYLE = Automatic;
				DEVELOPMENT_TEAM = 7N365M3AC6;
				FRAMEWORK_SEARCH_PATHS = "$(inherited)";
				GCC_OPTIMIZATION_LEVEL = 0;
				GCC_PRECOMPILE_PREFIX_HEADER = YES;
				GCC_PREFIX_HEADER = "FSquares/Squareness-Prefix.pch";
				HEADER_SEARCH_PATHS = (
					"$(inherited)",
					/Applications/Xcode.app/Contents/Developer/Toolchains/XcodeDefault.xctoolchain/usr/include,
				);
				INFOPLIST_FILE = "FSquares/Squareness-Info.plist";
				IPHONEOS_DEPLOYMENT_TARGET = 10.0;
				LIBRARY_SEARCH_PATHS = (
					"$(inherited)",
					"$(PROJECT_DIR)/Release-iphone/lib",
					"$(PROJECT_DIR)/FSquares/GPUImage/lib",
				);
				PRODUCT_BUNDLE_IDENTIFIER = "com.ss.${PRODUCT_NAME:rfc1034identifier}";
				PRODUCT_NAME = Squareness;
				PROVISIONING_PROFILE = "";
				PROVISIONING_PROFILE_SPECIFIER = "";
				TARGETED_DEVICE_FAMILY = 1;
				WRAPPER_EXTENSION = app;
			};
			name = Debug;
		};
		26BB4ED1197098630077FF6F /* Release */ = {
			isa = XCBuildConfiguration;
			baseConfigurationReference = DDB6CC34001F9D88D63EDA92 /* Pods-Squareness.release.xcconfig */;
			buildSettings = {
				ASSETCATALOG_COMPILER_APPICON_NAME = AppIcon;
				ASSETCATALOG_COMPILER_LAUNCHIMAGE_NAME = LaunchImage;
				CODE_SIGN_IDENTITY = "iPhone Developer";
				"CODE_SIGN_IDENTITY[sdk=iphoneos*]" = "iPhone Developer";
				CODE_SIGN_STYLE = Automatic;
				DEVELOPMENT_TEAM = 7N365M3AC6;
				FRAMEWORK_SEARCH_PATHS = "$(inherited)";
				GCC_OPTIMIZATION_LEVEL = fast;
				GCC_PRECOMPILE_PREFIX_HEADER = YES;
				GCC_PREFIX_HEADER = "FSquares/Squareness-Prefix.pch";
				HEADER_SEARCH_PATHS = (
					"$(inherited)",
					/Applications/Xcode.app/Contents/Developer/Toolchains/XcodeDefault.xctoolchain/usr/include,
				);
				INFOPLIST_FILE = "FSquares/Squareness-Info.plist";
				IPHONEOS_DEPLOYMENT_TARGET = 10.0;
				LIBRARY_SEARCH_PATHS = (
					"$(inherited)",
					"$(PROJECT_DIR)/Release-iphone/lib",
					"$(PROJECT_DIR)/FSquares/GPUImage/lib",
				);
				PRODUCT_BUNDLE_IDENTIFIER = "com.ss.${PRODUCT_NAME:rfc1034identifier}";
				PRODUCT_NAME = Squareness;
				PROVISIONING_PROFILE = "";
				PROVISIONING_PROFILE_SPECIFIER = "";
				TARGETED_DEVICE_FAMILY = 1;
				WRAPPER_EXTENSION = app;
			};
			name = Release;
		};
		26BB4ED3197098630077FF6F /* Debug */ = {
			isa = XCBuildConfiguration;
			baseConfigurationReference = DAF4E3CDC22DADB360AF0315 /* Pods-SquarenessTests.debug.xcconfig */;
			buildSettings = {
				BUNDLE_LOADER = "$(BUILT_PRODUCTS_DIR)/FSquares.app/FSquares";
				FRAMEWORK_SEARCH_PATHS = (
					"$(SDKROOT)/Developer/Library/Frameworks",
					"$(inherited)",
					"$(DEVELOPER_FRAMEWORKS_DIR)",
				);
				GCC_PRECOMPILE_PREFIX_HEADER = YES;
				GCC_PREFIX_HEADER = "FSquares/FSquares-Prefix.pch";
				GCC_PREPROCESSOR_DEFINITIONS = (
					"DEBUG=1",
					"$(inherited)",
				);
				INFOPLIST_FILE = "FSquaresTests/SquarenessTests-Info.plist";
				PRODUCT_BUNDLE_IDENTIFIER = "com.mycompany.${PRODUCT_NAME:rfc1034identifier}";
				PRODUCT_NAME = SquarenessTests;
				TEST_HOST = "$(BUNDLE_LOADER)";
				WRAPPER_EXTENSION = xctest;
			};
			name = Debug;
		};
		26BB4ED4197098630077FF6F /* Release */ = {
			isa = XCBuildConfiguration;
			baseConfigurationReference = 94B7D66A6D014EE440F0DFA6 /* Pods-SquarenessTests.release.xcconfig */;
			buildSettings = {
				BUNDLE_LOADER = "$(BUILT_PRODUCTS_DIR)/FSquares.app/FSquares";
				FRAMEWORK_SEARCH_PATHS = (
					"$(SDKROOT)/Developer/Library/Frameworks",
					"$(inherited)",
					"$(DEVELOPER_FRAMEWORKS_DIR)",
				);
				GCC_PRECOMPILE_PREFIX_HEADER = YES;
				GCC_PREFIX_HEADER = "FSquares/FSquares-Prefix.pch";
				INFOPLIST_FILE = "FSquaresTests/SquarenessTests-Info.plist";
				PRODUCT_BUNDLE_IDENTIFIER = "com.mycompany.${PRODUCT_NAME:rfc1034identifier}";
				PRODUCT_NAME = SquarenessTests;
				TEST_HOST = "$(BUNDLE_LOADER)";
				WRAPPER_EXTENSION = xctest;
			};
			name = Release;
		};
/* End XCBuildConfiguration section */

/* Begin XCConfigurationList section */
		26BB4E9E197098630077FF6F /* Build configuration list for PBXProject "Squareness" */ = {
			isa = XCConfigurationList;
			buildConfigurations = (
				26BB4ECD197098630077FF6F /* Debug */,
				26BB4ECE197098630077FF6F /* Release */,
			);
			defaultConfigurationIsVisible = 0;
			defaultConfigurationName = Release;
		};
		26BB4ECF197098630077FF6F /* Build configuration list for PBXNativeTarget "Squareness" */ = {
			isa = XCConfigurationList;
			buildConfigurations = (
				26BB4ED0197098630077FF6F /* Debug */,
				26BB4ED1197098630077FF6F /* Release */,
			);
			defaultConfigurationIsVisible = 0;
			defaultConfigurationName = Release;
		};
		26BB4ED2197098630077FF6F /* Build configuration list for PBXNativeTarget "SquarenessTests" */ = {
			isa = XCConfigurationList;
			buildConfigurations = (
				26BB4ED3197098630077FF6F /* Debug */,
				26BB4ED4197098630077FF6F /* Release */,
			);
			defaultConfigurationIsVisible = 0;
			defaultConfigurationName = Release;
		};
/* End XCConfigurationList section */
	};
	rootObject = 26BB4E9B197098630077FF6F /* Project object */;
}
